
Microsoft Visual Studio Solution File, Format Version 12.00
# Visual Studio Version 17
VisualStudioVersion = 17.11.35219.272
MinimumVisualStudioVersion = 10.0.40219.1
Project("{FAE04EC0-301F-11D3-BF4B-00C04F79EFBC}") = "Memory_WPF_OOP", "Memory_WPF_OOP\Memory_WPF_OOP.csproj", "{AE45EEBD-A10B-4809-992B-87C6FD66F57E}"
EndProject
Global
	GlobalSection(SolutionConfigurationPlatforms) = preSolution
		Debug|Any CPU = Debug|Any CPU
		Debug|x64 = Debug|x64
		Release|Any CPU = Release|Any CPU
		Release|x64 = Release|x64
	EndGlobalSection
	GlobalSection(ProjectConfigurationPlatforms) = postSolution
		{AE45EEBD-A10B-4809-992B-87C6FD66F57E}.Debug|Any CPU.ActiveCfg = Debug|Any CPU
		{AE45EEBD-A10B-4809-992B-87C6FD66F57E}.Debug|Any CPU.Build.0 = Debug|Any CPU
		{AE45EEBD-A10B-4809-992B-87C6FD66F57E}.Debug|x64.ActiveCfg = Debug|x64
		{AE45EEBD-A10B-4809-992B-87C6FD66F57E}.Debug|x64.Build.0 = Debug|x64
		{AE45EEBD-A10B-4809-992B-87C6FD66F57E}.Release|Any CPU.ActiveCfg = Release|Any CPU
		{AE45EEBD-A10B-4809-992B-87C6FD66F57E}.Release|Any CPU.Build.0 = Release|Any CPU
		{AE45EEBD-A10B-4809-992B-87C6FD66F57E}.Release|x64.ActiveCfg = Release|x64
		{AE45EEBD-A10B-4809-992B-87C6FD66F57E}.Release|x64.Build.0 = Release|x64
	EndGlobalSection
	GlobalSection(SolutionProperties) = preSolution
		HideSolutionNode = FALSE
	EndGlobalSection
	GlobalSection(ExtensibilityGlobals) = postSolution
		SolutionGuid = {4054D176-D311-420B-977A-D106A2E66DC5}
	EndGlobalSection
EndGlobal
